{
  "nodes": {
    "beam-nvim": {
      "flake": false,
      "locked": {
        "lastModified": 1764011918,
        "narHash": "sha256-yFYiUDKZiSKB7K/CnWpzKYj7ZYgLWlp2eBB+A4N2jA4=",
        "owner": "Piotr1215",
        "repo": "beam.nvim",
        "rev": "9ad823217c7009a1555a36ce7cde62c046846261",
        "type": "github"
      },
      "original": {
        "owner": "Piotr1215",
        "repo": "beam.nvim",
        "type": "github"
      }
    },
    "blink-cmp-yanky": {
      "flake": false,
      "locked": {
        "lastModified": 1750745702,
        "narHash": "sha256-DciQaX2lYQptpEd8wke3x67SK6zMm2UI34qxBe6eC9Q=",
        "owner": "marcoSven",
        "repo": "blink-cmp-yanky",
        "rev": "473b987c2a7d80cca116f6faf087dba4dbfbb3c5",
        "type": "github"
      },
      "original": {
        "owner": "marcoSven",
        "repo": "blink-cmp-yanky",
        "type": "github"
      }
    },
    "calcium": {
      "flake": false,
      "locked": {
        "lastModified": 1766695232,
        "narHash": "sha256-REybHIscXKTBm+36g9cRHEZL0Iu9agJtbtIMQsmNAQo=",
        "owner": "Necrom4",
        "repo": "calcium.nvim",
        "rev": "e7c8e3757e2d6e44c7653d3b8891cbc0a916950a",
        "type": "github"
      },
      "original": {
        "owner": "Necrom4",
        "repo": "calcium.nvim",
        "type": "github"
      }
    },
    "claude-fzf-nvim": {
      "flake": false,
      "locked": {
        "lastModified": 1757100315,
        "narHash": "sha256-cVFbUcdj2F5KCU38E8Eo3EQ89zzXutuABD8qfSU6j80=",
        "owner": "pittcat",
        "repo": "claude-fzf.nvim",
        "rev": "769eb89d80de0e5247c7393f2cdffa57c5545dd3",
        "type": "github"
      },
      "original": {
        "owner": "pittcat",
        "repo": "claude-fzf.nvim",
        "type": "github"
      }
    },
    "claudecode-nvim": {
      "flake": false,
      "locked": {
        "lastModified": 1764926017,
        "narHash": "sha256-PmSYIE7j9C2ckJc9wDIm4KCozXP0z1U9TOdItnDyoDQ=",
        "owner": "coder",
        "repo": "claudecode.nvim",
        "rev": "6091df0e8edcdc92526cec23bbb42f63c0bb5ff2",
        "type": "github"
      },
      "original": {
        "owner": "coder",
        "repo": "claudecode.nvim",
        "type": "github"
      }
    },
    "close-buffers-nvim": {
      "flake": false,
      "locked": {
        "lastModified": 1636931460,
        "narHash": "sha256-/jk38ebxKTlyH3AsrSQWMl/cErmu6threyy/MIrdzD4=",
        "owner": "kazhala",
        "repo": "close-buffers.nvim",
        "rev": "3acbcad1211572342632a6c0151f839e7dead27f",
        "type": "github"
      },
      "original": {
        "owner": "kazhala",
        "repo": "close-buffers.nvim",
        "type": "github"
      }
    },
    "flake-compat": {
      "flake": false,
      "locked": {
        "lastModified": 1751685974,
        "narHash": "sha256-NKw96t+BgHIYzHUjkTK95FqYRVKB8DHpVhefWSz/kTw=",
        "ref": "refs/heads/main",
        "rev": "549f2762aebeff29a2e5ece7a7dc0f955281a1d1",
        "revCount": 92,
        "type": "git",
        "url": "https://git.lix.systems/lix-project/flake-compat.git"
      },
      "original": {
        "type": "git",
        "url": "https://git.lix.systems/lix-project/flake-compat.git"
      }
    },
    "flake-parts": {
      "inputs": {
        "nixpkgs-lib": "nixpkgs-lib"
      },
      "locked": {
        "lastModified": 1765495779,
        "narHash": "sha256-MhA7wmo/7uogLxiewwRRmIax70g6q1U/YemqTGoFHlM=",
        "owner": "hercules-ci",
        "repo": "flake-parts",
        "rev": "5635c32d666a59ec9a55cab87e898889869f7b71",
        "type": "github"
      },
      "original": {
        "owner": "hercules-ci",
        "repo": "flake-parts",
        "type": "github"
      }
    },
    "flake-parts_2": {
      "inputs": {
        "nixpkgs-lib": [
          "neovim-nightly-overlay",
          "nixpkgs"
        ]
      },
      "locked": {
        "lastModified": 1765495779,
        "narHash": "sha256-MhA7wmo/7uogLxiewwRRmIax70g6q1U/YemqTGoFHlM=",
        "owner": "hercules-ci",
        "repo": "flake-parts",
        "rev": "5635c32d666a59ec9a55cab87e898889869f7b71",
        "type": "github"
      },
      "original": {
        "owner": "hercules-ci",
        "repo": "flake-parts",
        "type": "github"
      }
    },
    "flake-parts_3": {
      "inputs": {
        "nixpkgs-lib": [
          "nvf",
          "nixpkgs"
        ]
      },
      "locked": {
        "lastModified": 1760948891,
        "narHash": "sha256-TmWcdiUUaWk8J4lpjzu4gCGxWY6/Ok7mOK4fIFfBuU4=",
        "owner": "hercules-ci",
        "repo": "flake-parts",
        "rev": "864599284fc7c0ba6357ed89ed5e2cd5040f0c04",
        "type": "github"
      },
      "original": {
        "owner": "hercules-ci",
        "repo": "flake-parts",
        "type": "github"
      }
    },
    "import-nvim": {
      "flake": false,
      "locked": {
        "lastModified": 1762972244,
        "narHash": "sha256-D5Wi+SaSp4cpgRjxj1YqfDyOuRA3mV3xU6z+GvPBAro=",
        "owner": "piersolenski",
        "repo": "import.nvim",
        "rev": "b3b0294827eb9c4db0af6d2a0684e2862325fc0c",
        "type": "github"
      },
      "original": {
        "owner": "piersolenski",
        "repo": "import.nvim",
        "type": "github"
      }
    },
    "kulala-nvim": {
      "flake": false,
      "locked": {
        "lastModified": 1765193643,
        "narHash": "sha256-kUCu8euWmAB6wMKBP7VBb/YYwh6IkMfeyJ8zEDUm0tg=",
        "owner": "mistweaverco",
        "repo": "kulala.nvim",
        "rev": "b36aff673915391e415d4acc7c90ca6ca6891750",
        "type": "github"
      },
      "original": {
        "owner": "mistweaverco",
        "repo": "kulala.nvim",
        "type": "github"
      }
    },
    "mnw": {
      "locked": {
        "lastModified": 1758834834,
        "narHash": "sha256-Y7IvY4F8vajZyp3WGf+KaiIVwondEkMFkt92Cr9NZmg=",
        "owner": "Gerg-L",
        "repo": "mnw",
        "rev": "cfbc7d1cc832e318d0863a5fc91d940a96034001",
        "type": "github"
      },
      "original": {
        "owner": "Gerg-L",
        "repo": "mnw",
        "type": "github"
      }
    },
    "ndg": {
      "inputs": {
        "nixpkgs": "nixpkgs_3"
      },
      "locked": {
        "lastModified": 1765720983,
        "narHash": "sha256-tWtukpABmux6EC/FuCJEgA1kmRjcRPtED44N+GGPq+4=",
        "owner": "feel-co",
        "repo": "ndg",
        "rev": "f399ace8bb8e1f705dd8942b24d207aa4d75c936",
        "type": "github"
      },
      "original": {
        "owner": "feel-co",
        "repo": "ndg",
        "type": "github"
      }
    },
    "neovim-nightly-overlay": {
      "inputs": {
        "flake-parts": "flake-parts_2",
        "neovim-src": "neovim-src",
        "nixpkgs": "nixpkgs"
      },
      "locked": {
        "lastModified": 1765757048,
        "narHash": "sha256-Epzt11vJAU1mQqADX3ldstxrVjpmlula4+9y7EhtJxk=",
        "owner": "nix-community",
        "repo": "neovim-nightly-overlay",
        "rev": "fddb9312cf4818b8e39533b931cb4a7039e1471b",
        "type": "github"
      },
      "original": {
        "owner": "nix-community",
        "repo": "neovim-nightly-overlay",
        "type": "github"
      }
    },
    "neovim-src": {
      "flake": false,
      "locked": {
        "lastModified": 1765753837,
        "narHash": "sha256-7RvnNJCRzggqoBxRC1jxG6iXS0Sc5gGi2omRHbxC7Oo=",
        "owner": "neovim",
        "repo": "neovim",
        "rev": "115785732ad78e38eb66246f9841e95e88665fe8",
        "type": "github"
      },
      "original": {
        "owner": "neovim",
        "repo": "neovim",
        "type": "github"
      }
    },
    "nixpkgs": {
      "locked": {
        "lastModified": 1765644376,
        "narHash": "sha256-yqHBL2wYGwjGL2GUF2w3tofWl8qO9tZEuI4wSqbCrtE=",
        "owner": "NixOS",
        "repo": "nixpkgs",
        "rev": "23735a82a828372c4ef92c660864e82fbe2f5fbe",
        "type": "github"
      },
      "original": {
        "owner": "NixOS",
        "ref": "nixpkgs-unstable",
        "repo": "nixpkgs",
        "type": "github"
      }
    },
    "nixpkgs-lib": {
      "locked": {
        "lastModified": 1761765539,
        "narHash": "sha256-b0yj6kfvO8ApcSE+QmA6mUfu8IYG6/uU28OFn4PaC8M=",
        "owner": "nix-community",
        "repo": "nixpkgs.lib",
        "rev": "719359f4562934ae99f5443f20aa06c2ffff91fc",
        "type": "github"
      },
      "original": {
        "owner": "nix-community",
        "repo": "nixpkgs.lib",
        "type": "github"
      }
    },
    "nixpkgs_2": {
      "locked": {
        "lastModified": 1765472234,
        "narHash": "sha256-9VvC20PJPsleGMewwcWYKGzDIyjckEz8uWmT0vCDYK0=",
        "owner": "NixOS",
        "repo": "nixpkgs",
        "rev": "2fbfb1d73d239d2402a8fe03963e37aab15abe8b",
        "type": "github"
      },
      "original": {
        "owner": "NixOS",
        "ref": "nixos-unstable",
        "repo": "nixpkgs",
        "type": "github"
      }
    },
    "nixpkgs_3": {
      "locked": {
        "lastModified": 1764242076,
        "narHash": "sha256-sKoIWfnijJ0+9e4wRvIgm/HgE27bzwQxcEmo2J/gNpI=",
        "owner": "NixOS",
        "repo": "nixpkgs",
        "rev": "2fad6eac6077f03fe109c4d4eb171cf96791faa4",
        "type": "github"
      },
      "original": {
        "owner": "NixOS",
        "ref": "nixos-unstable",
        "repo": "nixpkgs",
        "type": "github"
      }
    },
    "nvf": {
      "inputs": {
        "flake-compat": "flake-compat",
        "flake-parts": "flake-parts_3",
        "mnw": "mnw",
        "ndg": "ndg",
        "nixpkgs": [
          "nixpkgs"
        ],
        "systems": "systems"
      },
      "locked": {
        "lastModified": 1765802822,
        "narHash": "sha256-OXCognaYrmr6lmn5jgr8oSVKw1DFom1OwJGDwYYhViY=",
        "owner": "notashelf",
        "repo": "nvf",
        "rev": "eb3cb6737581ab6df10f42dfa30097df30934f4e",
        "type": "github"
      },
      "original": {
        "owner": "notashelf",
        "repo": "nvf",
        "type": "github"
      }
    },
    "nvim-tcss": {
      "flake": false,
      "locked": {
        "lastModified": 1738984127,
        "narHash": "sha256-QHY+UzJrFir/gtj7KDzxvSgFfckG+xwGtd6YyDk81lc=",
        "owner": "cachebag",
        "repo": "nvim-tcss",
        "rev": "bf9001416158f32fe7e92c42de94de3595aa13e5",
        "type": "github"
      },
      "original": {
        "owner": "cachebag",
        "repo": "nvim-tcss",
        "type": "github"
      }
    },
    "root": {
      "inputs": {
        "beam-nvim": "beam-nvim",
        "blink-cmp-yanky": "blink-cmp-yanky",
        "calcium": "calcium",
        "claude-fzf-nvim": "claude-fzf-nvim",
        "claudecode-nvim": "claudecode-nvim",
        "close-buffers-nvim": "close-buffers-nvim",
        "flake-parts": "flake-parts",
        "import-nvim": "import-nvim",
        "kulala-nvim": "kulala-nvim",
        "neovim-nightly-overlay": "neovim-nightly-overlay",
        "nixpkgs": "nixpkgs_2",
        "nvf": "nvf",
        "nvim-tcss": "nvim-tcss",
        "root-nvim": "root-nvim",
        "sonarlint-nvim": "sonarlint-nvim"
      }
    },
    "root-nvim": {
      "flake": false,
      "locked": {
        "lastModified": 1752618136,
        "narHash": "sha256-L5OTVQ1gG38mMveyV6ToCJ0ja36Yu6v9l8rTsGCO0g0=",
        "owner": "flashios09",
        "repo": "root.nvim",
        "rev": "57a7874c3bc711e3a13044e265c6cb32472eb9a7",
        "type": "github"
      },
      "original": {
        "owner": "flashios09",
        "repo": "root.nvim",
        "type": "github"
      }
    },
    "sonarlint-nvim": {
      "flake": false,
      "locked": {
        "lastModified": 1765223626,
        "narHash": "sha256-juD35PuRCEBThZ5RPTHz/CoLae9JbXxa5Vyp99aInsY=",
        "owner": "schrieveslaach",
        "repo": "sonarlint.nvim",
        "rev": "02c5d3ca44d8885eefc5430f685d21945c342ef3",
        "type": "gitlab"
      },
      "original": {
        "owner": "schrieveslaach",
        "repo": "sonarlint.nvim",
        "type": "gitlab"
      }
    },
    "systems": {
      "locked": {
        "lastModified": 1681028828,
        "narHash": "sha256-Vy1rq5AaRuLzOxct8nz4T6wlgyUR7zLU309k9mBC768=",
        "owner": "nix-systems",
        "repo": "default",
        "rev": "da67096a3b9bf56a91d16901293e51ba5b49a27e",
        "type": "github"
      },
      "original": {
        "owner": "nix-systems",
        "repo": "default",
        "type": "github"
      }
    }
  },
  "root": "root",
  "version": 7
}
